
Microsoft Visual Studio Solution File, Format Version 12.00
# Visual Studio Version 17
VisualStudioVersion = 17.8.34309.116
MinimumVisualStudioVersion = 10.0.40219.1
Project("{FAE04EC0-301F-11D3-BF4B-00C04F79EFBC}") = "Mava", "Mava\Mava.csproj", "{51191D56-1FE9-4811-A82C-15C40D9AE061}"
EndProject
Global
	GlobalSection(SolutionConfigurationPlatforms) = preSolution
		Debug|Any CPU = Debug|Any CPU
		Release|Any CPU = Release|Any CPU
	EndGlobalSection
	GlobalSection(ProjectConfigurationPlatforms) = postSolution
		{51191D56-1FE9-4811-A82C-15C40D9AE061}.Debug|Any CPU.ActiveCfg = Debug|Any CPU
		{51191D56-1FE9-4811-A82C-15C40D9AE061}.Debug|Any CPU.Build.0 = Debug|Any CPU
		{51191D56-1FE9-4811-A82C-15C40D9AE061}.Release|Any CPU.ActiveCfg = Release|Any CPU
		{51191D56-1FE9-4811-A82C-15C40D9AE061}.Release|Any CPU.Build.0 = Release|Any CPU
	EndGlobalSection
	GlobalSection(SolutionProperties) = preSolution
		HideSolutionNode = FALSE
	EndGlobalSection
	GlobalSection(ExtensibilityGlobals) = postSolution
		SolutionGuid = {040FB60B-ED5E-4C4F-9457-AFD2D749591D}
	EndGlobalSection
EndGlobal
